Microsoft Visual Studio Solution File, Format Version 12.00
# Visual Studio Version 17
VisualStudioVersion = 17.5.2.0
MinimumVisualStudioVersion = 10.0.40219.1
Project("{FAE04EC0-301F-11D3-BF4B-00C04F79EFBC}") = "BofA.MBSS.ChnageLog", "BofA.MBSS.ChnageLog.csproj", "{799C4FFB-7941-CA65-AAAD-EE2AECE7AE93}"
EndProject
Global
	GlobalSection(SolutionConfigurationPlatforms) = preSolution
		Debug|Any CPU = Debug|Any CPU
		Release|Any CPU = Release|Any CPU
	EndGlobalSection
	GlobalSection(ProjectConfigurationPlatforms) = postSolution
		{799C4FFB-7941-CA65-AAAD-EE2AECE7AE93}.Debug|Any CPU.ActiveCfg = Debug|Any CPU
		{799C4FFB-7941-CA65-AAAD-EE2AECE7AE93}.Debug|Any CPU.Build.0 = Debug|Any CPU
		{799C4FFB-7941-CA65-AAAD-EE2AECE7AE93}.Release|Any CPU.ActiveCfg = Release|Any CPU
		{799C4FFB-7941-CA65-AAAD-EE2AECE7AE93}.Release|Any CPU.Build.0 = Release|Any CPU
	EndGlobalSection
	GlobalSection(SolutionProperties) = preSolution
		HideSolutionNode = FALSE
	EndGlobalSection
	GlobalSection(ExtensibilityGlobals) = postSolution
		SolutionGuid = {80AB081A-F81A-4B3C-B404-C6C094B2A84D}
	EndGlobalSection
EndGlobal
